
Microsoft Visual Studio Solution File, Format Version 12.00
# Visual Studio Version 16
VisualStudioVersion = 16.0.31424.327
MinimumVisualStudioVersion = 10.0.40219.1
Project("{FAE04EC0-301F-11D3-BF4B-00C04F79EFBC}") = "CancellationTask", "CancellationTask\CancellationTask.csproj", "{5D533C26-E7AC-498F-B48F-E10AAF5FDE48}"
EndProject
Global
	GlobalSection(SolutionConfigurationPlatforms) = preSolution
		Debug|Any CPU = Debug|Any CPU
		Release|Any CPU = Release|Any CPU
	EndGlobalSection
	GlobalSection(ProjectConfigurationPlatforms) = postSolution
		{5D533C26-E7AC-498F-B48F-E10AAF5FDE48}.Debug|Any CPU.ActiveCfg = Debug|Any CPU
		{5D533C26-E7AC-498F-B48F-E10AAF5FDE48}.Debug|Any CPU.Build.0 = Debug|Any CPU
		{5D533C26-E7AC-498F-B48F-E10AAF5FDE48}.Release|Any CPU.ActiveCfg = Release|Any CPU
		{5D533C26-E7AC-498F-B48F-E10AAF5FDE48}.Release|Any CPU.Build.0 = Release|Any CPU
	EndGlobalSection
	GlobalSection(SolutionProperties) = preSolution
		HideSolutionNode = FALSE
	EndGlobalSection
	GlobalSection(ExtensibilityGlobals) = postSolution
		SolutionGuid = {CB232106-CBE8-4D49-BBBB-B8AA15DCC96D}
	EndGlobalSection
EndGlobal
